github.com/beorn7/perks v1.0.1 h1:VlbKKnNfV8bJzeqoa4cOKqO6bYr3WgKZxO8Z16+hsOM=
github.com/beorn7/perks v1.0.1/go.mod h1:G2ZrVWU2WbWT9wwq4/hrbKbnv/1ERSJQ0ibhJ6rlkpw=
github.com/cespare/xxhash/v2 v2.2.0 h1:DC2CZ1Ep5Y4k3ZQ899DldepgrayRUGE6BBZ/cd9Cj44=
github.com/cespare/xxhash/v2 v2.2.0/go.mod h1:VGX0DQ3Q6kWi7AoAeZDth3/j3BFtOZR5XLFGgcrjCOs=
github.com/davecgh/go-spew v1.1.1 h1:vj9j/u1bqnvCEfJOwUhtlOARqs3+rkHYY13jYWTU97c=
github.com/dustin/go-humanize v1.0.1 h1:GzkhY7T5VNhEkwH0PVJgjz+fX1rhBrR7pRT3mDkpeCY=
github.com/dustin/go-humanize v1.0.1/go.mod h1:Mu1zIs6XwVuF/gI1OepvI0qD18qycQx+mFykh5fBlto=
github.com/golang/protobuf v1.2.0/go.mod h1:6lQm79b+lXiMfvg/cZm0SGofjICqVBUtrP5yJMmIC1U=
github.com/golang/protobuf v1.5.0/go.mod h1:FsONVRAS9T7sI+LIUmWTfcYkHO4aIWwzhcaSAoJOfIk=
github.com/golang/protobuf v1.5.3 h1:KhyjKVUg7Usr/dYsdSqoFveMYd5ko72D+zANwlG1mmg=
github.com/golang/protobuf v1.5.3/go.mod h1:XVQd3VNwM+JqD3oG2Ue2ip4fOMUkwXdXDdiuN0vRsmY=
github.com/google/go-cmp v0.5.5/go.mod h1:v8dTdLbMG2kIc/vJvl+f65V22dbkXbowE6jgT/gNBxE=
github.com/google/go-cmp v0.5.9 h1:O2Tfq5qg4qc4AmwVlvv0oLiVAGB7enBSJ2x2DqQFi38=
github.com/kr/pretty v0.3.1 h1:flRD4NNwYAUpkphVc1HcthR4KEIFJ65n8Mw5qdRn3LE=
github.com/kr/text v0.2.0 h1:5Nx0Ya0ZqY2ygV366QzturHI13Jq95ApcVaJBhpS+AY=
github.com/lib/pq v1.10.9 h1:YXG7RB+JIjhP29X+OtkiDnYaXQwpS4JEWq7dtCCRUEw=
github.com/lib/pq v1.10.9/go.mod h1:AlVN5x4E4T544tWzH6hKfbfQvm3HdbOxrmggDNAPY9o=
github.com/matttproud/golang_protobuf_extensions v1.0.4 h1:mmDVorXM7PCGKw94cs5zkfA9PSy5pEvNWRP0ET0TIVo=
github.com/matttproud/golang_protobuf_extensions v1.0.4/go.mod h1:BSXmuO+STAnVfrANrmjBb36TMTDstsz7MSK+HVaYKv4=
github.com/prometheus/client_golang v1.16.0 h1:yk/hx9hDbrGHovbci4BY+pRMfSuuat626eFsHb7tmT8=
github.com/prometheus/client_golang v1.16.0/go.mod h1:Zsulrv/L9oM40tJ7T815tM89lFEugiJ9HzIqaAx4LKc=
github.com/prometheus/client_model v0.4.0 h1:5lQXD3cAg1OXBf4Wq03gTrXHeaV0TQvGfUooCfx1yqY=
github.com/prometheus/client_model v0.4.0/go.mod h1:oMQmHW1/JoDwqLtg57MGgP/Fb1CJEYF2imWWhWtMkYU=
github.com/prometheus/common v0.44.0 h1:+5BrQJwiBB9xsMygAB3TNvpQKOwlkc25LbISbrdOOfY=
github.com/prometheus/common v0.44.0/go.mod h1:ofAIvZbQ1e/nugmZGz4/qCb9Ap1VoSTIO7x0VV9VvuY=
github.com/prometheus/procfs v0.11.1 h1:xRC8Iq1yyca5ypa9n1EZnWZkt7dwcoRPQwX/5gwaUuI=
github.com/prometheus/procfs v0.11.1/go.mod h1:eesXgaPo1q7lBpVMoMy0ZOFTth9hBn4W/y0/p/ScXhY=
github.com/rogpeppe/go-internal v1.10.0 h1:TMyTOH3F/DB16zRVcYyreMH6GnZZrwQVAoYjRBZyWFQ=
golang.conradwood.net/apis/auth v1.1.2625 h1:Jarz2RX3L3SjW+vauaUOSFWPV7k6efEUvvUIfp3sMJs=
golang.conradwood.net/apis/auth v1.1.2625/go.mod h1:gL38XL6MDA4Cn9fIU6CXYc6R4O+hQo5rAA8O0OSKKyY=
golang.conradwood.net/apis/autodeployer v1.1.2625 h1:8a/d2aAvJ4EAU2uE9XgIQqrWaZ1m72X2t+NCZ4wwS/I=
golang.conradwood.net/apis/autodeployer v1.1.2625/go.mod h1:6t3OQFDCaiwhnFo91n8NNtpPlcn/3DIh+nZ3XLbdJrA=
golang.conradwood.net/apis/buildrepo v1.1.2625 h1:H8uinlfOyQzaXMQMaDQeALwQ4uNO2u/46R2O11Qq6LQ=
golang.conradwood.net/apis/buildrepo v1.1.2625/go.mod h1:twk5D4paOJDZ8LunEur2qJtSdsYI/nTYfzuDNjovR38=
golang.conradwood.net/apis/common v1.1.2625 h1:WzCmPEAuUOOob0gpH4vQbl3TS+ko8RWW2+EbKCatvcY=
golang.conradwood.net/apis/common v1.1.2625/go.mod h1:xxKrybFIUkGbrrohIlxJC3b8iNLr63Vr/CjoCAWuaVo=
golang.conradwood.net/apis/deploymonkey v1.1.2625 h1://1MRhUyZ8Asf4HtkWGB8VLTudPHTEA7u/8QW4wqy2k=
golang.conradwood.net/apis/deploymonkey v1.1.2625/go.mod h1:3HqpedXAwcS14HUwC7ud/Z4mp0n7VQxvQ0BhWDlOlYw=
golang.conradwood.net/apis/echoservice v1.1.2625 h1:RzuSE4p/GnRvATr3tjaeQqplvLz1B57+ycH4qulJDdk=
golang.conradwood.net/apis/echoservice v1.1.2625/go.mod h1:Ezcz+sM3OSxeNmNlRMSqYb7KVPgjG3kMXfaHHFcHdLU=
golang.conradwood.net/apis/errorlogger v1.1.2625 h1:59fpvJHrdntmI7LJ6aSZoqjgAZHJhxrpldGRXD2k7c0=
golang.conradwood.net/apis/errorlogger v1.1.2625/go.mod h1:DGJFS3Q8Dd/xDVoAJVXIchhcBIrkSmMccBvjWr5u4pc=
golang.conradwood.net/apis/framework v1.1.2625 h1:P5szZDTAcTNiAI1QztdfYQO5lzVQXBUJHaJxo7sboyc=
golang.conradwood.net/apis/framework v1.1.2625/go.mod h1:T672JlIayx86hKqlX8EvMHUr7NOtO0w4+MMdaWaZyIA=
golang.conradwood.net/apis/goeasyops v1.1.2625 h1:MLoxe/o8JTGT5FkCoMBHlmV8e8+yrB1QtbAXi+j5fq0=
golang.conradwood.net/apis/goeasyops v1.1.2625/go.mod h1:9yAuocM1BEawReQiwGeufj8RKcKk5bRMR3e4ug3sI/g=
golang.conradwood.net/apis/h2gproxy v1.1.2625 h1:JCW3fIUls1Vq4rERkJqmxxyfyJWZxYekypY/QoglRo0=
golang.conradwood.net/apis/h2gproxy v1.1.2625/go.mod h1:lDTYZQsN2OI0UmDKLzV4Ytf5oYd6ig/kxBx/7hNJwjc=
golang.conradwood.net/apis/objectauth v1.1.2625 h1:lcntBu6jhPWB8R5IifbY0Ha7Ato5jXU278FImCl+iHM=
golang.conradwood.net/apis/objectauth v1.1.2625/go.mod h1:UcoWxl4BLdPBHKmWDkEr0GQ8Va2BDg16pC41sAfoa08=
golang.conradwood.net/apis/objectstore v1.1.2625 h1:WQw3MweSjhROkWvjv+c/wi0Y4x5ksay6nrJoBb33HHk=
golang.conradwood.net/apis/objectstore v1.1.2625/go.mod h1:xOuC2uLjXIdxtAtBdjCeoF5naiW00ZXFRkxGKQo+MSg=
golang.conradwood.net/apis/registry v1.1.2625 h1:bOwyUXZRjvRUPYQMADx0gEdrbU48nWGvi5KuE01TNXQ=
golang.conradwood.net/apis/registry v1.1.2625/go.mod h1:s/C5R43+lRQIkD3nz449ZVusXOlujGq1GZcUqKdP9CA=
golang.conradwood.net/go-easyops v0.1.20683 h1:/7cAb0m132Scv2SbYxAZSEZBKWc/OS8YUdrHBwoNZ3U=
golang.conradwood.net/go-easyops v0.1.20683/go.mod h1:vykvQX58+VTUpdKGqEt715kuISZ+nf0GX1k8oYnwAEU=
golang.org/x/net v0.15.0 h1:ugBLEUaxABaB5AJqW9enI0ACdci2RUd4eP51NTBvuJ8=
golang.org/x/net v0.15.0/go.mod h1:idbUs1IY1+zTqbi8yxTbhexhEEk5ur9LInksu6HrEpk=
golang.org/x/sync v0.0.0-20181221193216-37e7f081c4d4/go.mod h1:RxMgew5VJxzue5/jJTE5uejpjVlOe/izrB70Jof72aM=
golang.org/x/sys v0.12.0 h1:CM0HF96J0hcLAwsHPJZjfdNzs0gftsLfgKt57wWHJ0o=
golang.org/x/sys v0.12.0/go.mod h1:oPkhp1MJrh7nUepCBck5+mAzfO9JrbApNNgaTdGDITg=
golang.org/x/text v0.13.0 h1:ablQoSUd0tRdKxZewP80B+BaqeKJuVhuRxj/dkrun3k=
golang.org/x/text v0.13.0/go.mod h1:TvPlkZtksWOMsz7fbANvkp4WM8x/WCo/om8BMLbz+aE=
golang.org/x/xerrors v0.0.0-20191204190536-9bdfabe68543/go.mod h1:I/5z698sn9Ka8TeJc9MKroUUfqBBauWjQqLJ2OPfmY0=
golang.yacloud.eu/apis/fscache v1.1.2625 h1:+hRDrwrYJWRZubD7TghoWZykJ4h7SJs1vWbGeBFKYl8=
golang.yacloud.eu/apis/fscache v1.1.2625/go.mod h1:fniQQraASTjkpxlTIe4TMDEqzZLwewXHe90zOE21eF4=
golang.yacloud.eu/apis/session v1.1.2625 h1:ytM2B/g+QvSPnkzhBVX9pTo1uMQpq5xUBnFH7vb6sEE=
golang.yacloud.eu/apis/session v1.1.2625/go.mod h1:m8i8wzupf8BCSxuno1pix0V0EoFs3dKBPlLRbnRwUCA=
golang.yacloud.eu/apis/urlcacher v1.1.2625 h1:0ckYO0WLFyOKGGC1LXdaQK+muV4o3ovT+gXM2ECz0mM=
golang.yacloud.eu/apis/urlcacher v1.1.2625/go.mod h1:Na+eX2prZawRR9+MnbU1dIraj9bilq2X9N0njv5lsoA=
google.golang.org/genproto/googleapis/rpc v0.0.0-20230711160842-782d3b101e98 h1:bVf09lpb+OJbByTj913DRJioFFAjf/ZGxEz7MajTp2U=
google.golang.org/genproto/googleapis/rpc v0.0.0-20230711160842-782d3b101e98/go.mod h1:TUfxEVdsvPg18p6AslUXFoLdpED4oBnGwyqk3dV1XzM=
google.golang.org/grpc v1.58.0 h1:32JY8YpPMSR45K+c3o6b8VL73V+rR8k+DeMIr4vRH8o=
google.golang.org/grpc v1.58.0/go.mod h1:tgX3ZQDlNJGU96V6yHh1T/JeoBQ2TXdr43YbYSsCJk0=
google.golang.org/protobuf v1.26.0-rc.1/go.mod h1:jlhhOSvTdKEhbULTjvd4ARK9grFBp09yW+WbY/TyQbw=
google.golang.org/protobuf v1.26.0/go.mod h1:9q0QmTI4eRPtz6boOQmLYwt+qCgq0jsYwAQnmE0givc=
google.golang.org/protobuf v1.31.0 h1:g0LDEJHgrBl9N9r17Ru3sqWhkIx2NB67okBHPwC7hs8=
google.golang.org/protobuf v1.31.0/go.mod h1:HV8QOd/L58Z+nl8r43ehVNZIU/HEI6OcFqwMG9pJV4I=
gopkg.in/check.v1 v0.0.0-20161208181325-20d25e280405/go.mod h1:Co6ibVJAznAaIkqp8huTwlJQCZ016jof/cbN4VW5Yz0=
gopkg.in/check.v1 v1.0.0-20201130134442-10cb98267c6c h1:Hei/4ADfdWqJk1ZMxUNpqntNwaWcugrBjAiHlqqRiVk=
gopkg.in/yaml.v2 v2.4.0 h1:D8xgwECY7CYvx+Y2n4sBz93Jn9JRvxdiyyo8CTfuKaY=
gopkg.in/yaml.v2 v2.4.0/go.mod h1:RDklbk79AGWmwhnvt/jBztapEOGDOx6ZbXqjP6csGnQ=
